
Microsoft Visual Studio Solution File, Format Version 12.00
# Visual Studio Version 17
VisualStudioVersion = 17.4.33213.308
MinimumVisualStudioVersion = 10.0.40219.1
Project("{FAE04EC0-301F-11D3-BF4B-00C04F79EFBC}") = "Aluno - Cálculo de média e aprovação", "Aluno - Cálculo de média e aprovação\Aluno - Cálculo de média e aprovação.csproj", "{FFC713A6-B296-4998-99FF-F99B9740EAA8}"
EndProject
Global
	GlobalSection(SolutionConfigurationPlatforms) = preSolution
		Debug|Any CPU = Debug|Any CPU
		Release|Any CPU = Release|Any CPU
	EndGlobalSection
	GlobalSection(ProjectConfigurationPlatforms) = postSolution
		{FFC713A6-B296-4998-99FF-F99B9740EAA8}.Debug|Any CPU.ActiveCfg = Debug|Any CPU
		{FFC713A6-B296-4998-99FF-F99B9740EAA8}.Debug|Any CPU.Build.0 = Debug|Any CPU
		{FFC713A6-B296-4998-99FF-F99B9740EAA8}.Release|Any CPU.ActiveCfg = Release|Any CPU
		{FFC713A6-B296-4998-99FF-F99B9740EAA8}.Release|Any CPU.Build.0 = Release|Any CPU
	EndGlobalSection
	GlobalSection(SolutionProperties) = preSolution
		HideSolutionNode = FALSE
	EndGlobalSection
	GlobalSection(ExtensibilityGlobals) = postSolution
		SolutionGuid = {09EA1788-1DC8-4AFA-BC52-F686F2A0361E}
	EndGlobalSection
EndGlobal
